
Microsoft Visual Studio Solution File, Format Version 12.00
# Visual Studio Version 17
VisualStudioVersion = 17.2.32616.157
MinimumVisualStudioVersion = 10.0.40219.1
Project("{8BC9CEB8-8B4A-11D0-8D11-00A0C91BC942}") = "WebView2VideoExample", "WebView2VideoExample\WebView2VideoExample.vcxproj", "{AF722B90-9129-426E-B094-B729DFE9EFB4}"
EndProject
Global
	GlobalSection(SolutionConfigurationPlatforms) = preSolution
		Debug|x64 = Debug|x64
		Debug|x86 = Debug|x86
		Release|x64 = Release|x64
		Release|x86 = Release|x86
	EndGlobalSection
	GlobalSection(ProjectConfigurationPlatforms) = postSolution
		{AF722B90-9129-426E-B094-B729DFE9EFB4}.Debug|x64.ActiveCfg = Debug|x64
		{AF722B90-9129-426E-B094-B729DFE9EFB4}.Debug|x64.Build.0 = Debug|x64
		{AF722B90-9129-426E-B094-B729DFE9EFB4}.Debug|x86.ActiveCfg = Debug|Win32
		{AF722B90-9129-426E-B094-B729DFE9EFB4}.Debug|x86.Build.0 = Debug|Win32
		{AF722B90-9129-426E-B094-B729DFE9EFB4}.Release|x64.ActiveCfg = Release|x64
		{AF722B90-9129-426E-B094-B729DFE9EFB4}.Release|x64.Build.0 = Release|x64
		{AF722B90-9129-426E-B094-B729DFE9EFB4}.Release|x86.ActiveCfg = Release|Win32
		{AF722B90-9129-426E-B094-B729DFE9EFB4}.Release|x86.Build.0 = Release|Win32
	EndGlobalSection
	GlobalSection(SolutionProperties) = preSolution
		HideSolutionNode = FALSE
	EndGlobalSection
	GlobalSection(ExtensibilityGlobals) = postSolution
		SolutionGuid = {47FBE9EA-5A77-4D47-AF57-4B938187236F}
	EndGlobalSection
EndGlobal
